
Microsoft Visual Studio Solution File, Format Version 12.00
# Visual Studio 15
VisualStudioVersion = 15.0.28010.2046
MinimumVisualStudioVersion = 10.0.40219.1
Project("{FAE04EC0-301F-11D3-BF4B-00C04F79EFBC}") = "ShopAppBD", "ShopAppBD\ShopAppBD.csproj", "{408C290C-44F7-448C-80F7-C90F80E577D8}"
EndProject
Global
	GlobalSection(SolutionConfigurationPlatforms) = preSolution
		Debug|Any CPU = Debug|Any CPU
		Release|Any CPU = Release|Any CPU
	EndGlobalSection
	GlobalSection(ProjectConfigurationPlatforms) = postSolution
		{408C290C-44F7-448C-80F7-C90F80E577D8}.Debug|Any CPU.ActiveCfg = Debug|Any CPU
		{408C290C-44F7-448C-80F7-C90F80E577D8}.Debug|Any CPU.Build.0 = Debug|Any CPU
		{408C290C-44F7-448C-80F7-C90F80E577D8}.Release|Any CPU.ActiveCfg = Release|Any CPU
		{408C290C-44F7-448C-80F7-C90F80E577D8}.Release|Any CPU.Build.0 = Release|Any CPU
	EndGlobalSection
	GlobalSection(SolutionProperties) = preSolution
		HideSolutionNode = FALSE
	EndGlobalSection
	GlobalSection(ExtensibilityGlobals) = postSolution
		SolutionGuid = {5C041856-5B93-4C02-B1D3-B8F23705DC78}
	EndGlobalSection
EndGlobal
